{
	"name": "@titanium/icloud",
	"version": "1.0.2",
	"lockfileVersion": 2,
	"requires": true,
	"packages": {
		"": {
			"name": "@titanium/icloud",
			"version": "1.0.2",
			"hasInstallScript": true,
			"license": "Apache-2.0",
			"dependencies": {
				"@titanium/tiapp-xml": ">=1.0.10"
			}
		},
		"node_modules/@titanium/tiapp-xml": {
			"version": "1.0.10",
			"resolved": "https://registry.npmjs.org/@titanium/tiapp-xml/-/tiapp-xml-1.0.10.tgz",
			"integrity": "sha512-SpE0qmvnedfABWU3YO3qLsJ0EXj5wqrKwlrZNIfNH10x8iywvObAwGprYqqeEv+cfVMSbZUb8t6uZS9vKoAC6w==",
			"dependencies": {
				"@xmldom/xmldom": "^0.8.0",
				"find-up": "^6.2.0",
				"lodash.get": "^4.4.2",
				"pretty-data2": "~0.40.1"
			},
			"bin": {
				"tiapp-xml": "cli/main.js"
			},
			"engines": {
				"node": ">=8.0"
			}
		},
		"node_modules/@xmldom/xmldom": {
			"version": "0.8.0",
			"resolved": "https://registry.npmjs.org/@xmldom/xmldom/-/xmldom-0.8.0.tgz",
			"integrity": "sha512-7wVnF+rKrVDEo1xjzkkidTG0grclaVnX0vKa0z9JSXcEdtftUJjvU33jLGg6SHyvs3eeqEsI7jZ6NxYfRypEEg==",
			"engines": {
				"node": ">=10.0.0"
			}
		},
		"node_modules/find-up": {
			"version": "6.2.0",
			"resolved": "https://registry.npmjs.org/find-up/-/find-up-6.2.0.tgz",
			"integrity": "sha512-yWHzMzXCaFoABSnFTCPKNFlYoq4mSga9QLRRKOCLSJ33hSkzROB14ITbAWW0QDQDyuzsPQ33S1DsOWQb/oW1yA==",
			"dependencies": {
				"locate-path": "^7.0.0",
				"path-exists": "^5.0.0"
			},
			"engines": {
				"node": "^12.20.0 || ^14.13.1 || >=16.0.0"
			},
			"funding": {
				"url": "https://github.com/sponsors/sindresorhus"
			}
		},
		"node_modules/locate-path": {
			"version": "7.0.0",
			"resolved": "https://registry.npmjs.org/locate-path/-/locate-path-7.0.0.tgz",
			"integrity": "sha512-+cg2yXqDUKfo4hsFxwa3G1cBJeA+gs1vD8FyV9/odWoUlQe/4syxHQ5DPtKjtfm6gnKbZzjCqzX03kXosvZB1w==",
			"dependencies": {
				"p-locate": "^6.0.0"
			},
			"engines": {
				"node": "^12.20.0 || ^14.13.1 || >=16.0.0"
			},
			"funding": {
				"url": "https://github.com/sponsors/sindresorhus"
			}
		},
		"node_modules/lodash.get": {
			"version": "4.4.2",
			"resolved": "https://registry.npmjs.org/lodash.get/-/lodash.get-4.4.2.tgz",
			"integrity": "sha1-LRd/ZS+jHpObRDjVNBSZ36OCXpk="
		},
		"node_modules/p-limit": {
			"version": "4.0.0",
			"resolved": "https://registry.npmjs.org/p-limit/-/p-limit-4.0.0.tgz",
			"integrity": "sha512-5b0R4txpzjPWVw/cXXUResoD4hb6U/x9BH08L7nw+GN1sezDzPdxeRvpc9c433fZhBan/wusjbCsqwqm4EIBIQ==",
			"dependencies": {
				"yocto-queue": "^1.0.0"
			},
			"engines": {
				"node": "^12.20.0 || ^14.13.1 || >=16.0.0"
			},
			"funding": {
				"url": "https://github.com/sponsors/sindresorhus"
			}
		},
		"node_modules/p-locate": {
			"version": "6.0.0",
			"resolved": "https://registry.npmjs.org/p-locate/-/p-locate-6.0.0.tgz",
			"integrity": "sha512-wPrq66Llhl7/4AGC6I+cqxT07LhXvWL08LNXz1fENOw0Ap4sRZZ/gZpTTJ5jpurzzzfS2W/Ge9BY3LgLjCShcw==",
			"dependencies": {
				"p-limit": "^4.0.0"
			},
			"engines": {
				"node": "^12.20.0 || ^14.13.1 || >=16.0.0"
			},
			"funding": {
				"url": "https://github.com/sponsors/sindresorhus"
			}
		},
		"node_modules/path-exists": {
			"version": "5.0.0",
			"resolved": "https://registry.npmjs.org/path-exists/-/path-exists-5.0.0.tgz",
			"integrity": "sha512-RjhtfwJOxzcFmNOi6ltcbcu4Iu+FL3zEj83dk4kAS+fVpTxXLO1b38RvJgT/0QwvV/L3aY9TAnyv0EOqW4GoMQ==",
			"engines": {
				"node": "^12.20.0 || ^14.13.1 || >=16.0.0"
			}
		},
		"node_modules/pretty-data2": {
			"version": "0.40.1",
			"resolved": "https://registry.npmjs.org/pretty-data2/-/pretty-data2-0.40.1.tgz",
			"integrity": "sha1-56H4oN+adys3jLq0yXiJPtb+Iyg="
		},
		"node_modules/yocto-queue": {
			"version": "1.0.0",
			"resolved": "https://registry.npmjs.org/yocto-queue/-/yocto-queue-1.0.0.tgz",
			"integrity": "sha512-9bnSc/HEW2uRy67wc+T8UwauLuPJVn28jb+GtJY16iiKWyvmYJRXVT4UamsAEGQfPohgr2q4Tq0sQbQlxTfi1g==",
			"engines": {
				"node": ">=12.20"
			},
			"funding": {
				"url": "https://github.com/sponsors/sindresorhus"
			}
		}
	},
	"dependencies": {
		"@titanium/tiapp-xml": {
			"version": "1.0.10",
			"resolved": "https://registry.npmjs.org/@titanium/tiapp-xml/-/tiapp-xml-1.0.10.tgz",
			"integrity": "sha512-SpE0qmvnedfABWU3YO3qLsJ0EXj5wqrKwlrZNIfNH10x8iywvObAwGprYqqeEv+cfVMSbZUb8t6uZS9vKoAC6w==",
			"requires": {
				"@xmldom/xmldom": "^0.8.0",
				"find-up": "^6.2.0",
				"lodash.get": "^4.4.2",
				"pretty-data2": "~0.40.1"
			}
		},
		"@xmldom/xmldom": {
			"version": "0.8.0",
			"resolved": "https://registry.npmjs.org/@xmldom/xmldom/-/xmldom-0.8.0.tgz",
			"integrity": "sha512-7wVnF+rKrVDEo1xjzkkidTG0grclaVnX0vKa0z9JSXcEdtftUJjvU33jLGg6SHyvs3eeqEsI7jZ6NxYfRypEEg=="
		},
		"find-up": {
			"version": "6.2.0",
			"resolved": "https://registry.npmjs.org/find-up/-/find-up-6.2.0.tgz",
			"integrity": "sha512-yWHzMzXCaFoABSnFTCPKNFlYoq4mSga9QLRRKOCLSJ33hSkzROB14ITbAWW0QDQDyuzsPQ33S1DsOWQb/oW1yA==",
			"requires": {
				"locate-path": "^7.0.0",
				"path-exists": "^5.0.0"
			}
		},
		"locate-path": {
			"version": "7.0.0",
			"resolved": "https://registry.npmjs.org/locate-path/-/locate-path-7.0.0.tgz",
			"integrity": "sha512-+cg2yXqDUKfo4hsFxwa3G1cBJeA+gs1vD8FyV9/odWoUlQe/4syxHQ5DPtKjtfm6gnKbZzjCqzX03kXosvZB1w==",
			"requires": {
				"p-locate": "^6.0.0"
			}
		},
		"lodash.get": {
			"version": "4.4.2",
			"resolved": "https://registry.npmjs.org/lodash.get/-/lodash.get-4.4.2.tgz",
			"integrity": "sha1-LRd/ZS+jHpObRDjVNBSZ36OCXpk="
		},
		"p-limit": {
			"version": "4.0.0",
			"resolved": "https://registry.npmjs.org/p-limit/-/p-limit-4.0.0.tgz",
			"integrity": "sha512-5b0R4txpzjPWVw/cXXUResoD4hb6U/x9BH08L7nw+GN1sezDzPdxeRvpc9c433fZhBan/wusjbCsqwqm4EIBIQ==",
			"requires": {
				"yocto-queue": "^1.0.0"
			}
		},
		"p-locate": {
			"version": "6.0.0",
			"resolved": "https://registry.npmjs.org/p-locate/-/p-locate-6.0.0.tgz",
			"integrity": "sha512-wPrq66Llhl7/4AGC6I+cqxT07LhXvWL08LNXz1fENOw0Ap4sRZZ/gZpTTJ5jpurzzzfS2W/Ge9BY3LgLjCShcw==",
			"requires": {
				"p-limit": "^4.0.0"
			}
		},
		"path-exists": {
			"version": "5.0.0",
			"resolved": "https://registry.npmjs.org/path-exists/-/path-exists-5.0.0.tgz",
			"integrity": "sha512-RjhtfwJOxzcFmNOi6ltcbcu4Iu+FL3zEj83dk4kAS+fVpTxXLO1b38RvJgT/0QwvV/L3aY9TAnyv0EOqW4GoMQ=="
		},
		"pretty-data2": {
			"version": "0.40.1",
			"resolved": "https://registry.npmjs.org/pretty-data2/-/pretty-data2-0.40.1.tgz",
			"integrity": "sha1-56H4oN+adys3jLq0yXiJPtb+Iyg="
		},
		"yocto-queue": {
			"version": "1.0.0",
			"resolved": "https://registry.npmjs.org/yocto-queue/-/yocto-queue-1.0.0.tgz",
			"integrity": "sha512-9bnSc/HEW2uRy67wc+T8UwauLuPJVn28jb+GtJY16iiKWyvmYJRXVT4UamsAEGQfPohgr2q4Tq0sQbQlxTfi1g=="
		}
	}
}
